
Microsoft Visual Studio Solution File, Format Version 12.00
# Visual Studio Version 17
VisualStudioVersion = 17.2.32616.157
MinimumVisualStudioVersion = 10.0.40219.1
Project("{FAE04EC0-301F-11D3-BF4B-00C04F79EFBC}") = "BlazorServerCrud", "BlazorServerCrud\BlazorServerCrud.csproj", "{3C6E24EA-F45C-4EDB-8218-4B7412798C15}"
EndProject
Global
	GlobalSection(SolutionConfigurationPlatforms) = preSolution
		Debug|Any CPU = Debug|Any CPU
		Release|Any CPU = Release|Any CPU
	EndGlobalSection
	GlobalSection(ProjectConfigurationPlatforms) = postSolution
		{3C6E24EA-F45C-4EDB-8218-4B7412798C15}.Debug|Any CPU.ActiveCfg = Debug|Any CPU
		{3C6E24EA-F45C-4EDB-8218-4B7412798C15}.Debug|Any CPU.Build.0 = Debug|Any CPU
		{3C6E24EA-F45C-4EDB-8218-4B7412798C15}.Release|Any CPU.ActiveCfg = Release|Any CPU
		{3C6E24EA-F45C-4EDB-8218-4B7412798C15}.Release|Any CPU.Build.0 = Release|Any CPU
	EndGlobalSection
	GlobalSection(SolutionProperties) = preSolution
		HideSolutionNode = FALSE
	EndGlobalSection
	GlobalSection(ExtensibilityGlobals) = postSolution
		SolutionGuid = {9F10B5E8-3C69-447B-B20D-B32A0CA05285}
	EndGlobalSection
EndGlobal
